
Microsoft Visual Studio Solution File, Format Version 12.00
# Visual Studio Version 17
VisualStudioVersion = 17.7.34009.444
MinimumVisualStudioVersion = 10.0.40219.1
Project("{9A19103F-16F7-4668-BE54-9A1E7A4F7556}") = "PizzaAPI", "PizzaAPI\PizzaAPI.csproj", "{9A765DBF-F023-4608-B7A4-CDA93245B73A}"
EndProject
Project("{FAE04EC0-301F-11D3-BF4B-00C04F79EFBC}") = "PizzaAPI.Tests", "PizzaAPI.Tests\PizzaAPI.Tests.csproj", "{E10A80E8-2F1E-458D-9FA0-75804ADA71DD}"
EndProject
Global
	GlobalSection(SolutionConfigurationPlatforms) = preSolution
		Debug|Any CPU = Debug|Any CPU
		Release|Any CPU = Release|Any CPU
	EndGlobalSection
	GlobalSection(ProjectConfigurationPlatforms) = postSolution
		{9A765DBF-F023-4608-B7A4-CDA93245B73A}.Debug|Any CPU.ActiveCfg = Debug|Any CPU
		{9A765DBF-F023-4608-B7A4-CDA93245B73A}.Debug|Any CPU.Build.0 = Debug|Any CPU
		{9A765DBF-F023-4608-B7A4-CDA93245B73A}.Release|Any CPU.ActiveCfg = Release|Any CPU
		{9A765DBF-F023-4608-B7A4-CDA93245B73A}.Release|Any CPU.Build.0 = Release|Any CPU
		{E10A80E8-2F1E-458D-9FA0-75804ADA71DD}.Debug|Any CPU.ActiveCfg = Debug|Any CPU
		{E10A80E8-2F1E-458D-9FA0-75804ADA71DD}.Debug|Any CPU.Build.0 = Debug|Any CPU
		{E10A80E8-2F1E-458D-9FA0-75804ADA71DD}.Release|Any CPU.ActiveCfg = Release|Any CPU
		{E10A80E8-2F1E-458D-9FA0-75804ADA71DD}.Release|Any CPU.Build.0 = Release|Any CPU
	EndGlobalSection
	GlobalSection(SolutionProperties) = preSolution
		HideSolutionNode = FALSE
	EndGlobalSection
	GlobalSection(ExtensibilityGlobals) = postSolution
		SolutionGuid = {4680B2EE-9704-4B4D-A1A0-B03DD87716D7}
	EndGlobalSection
EndGlobal
